# generated by rye
# use `rye lock` or `rye sync` to update this lockfile
#
# last locked with the following flags:
#   pre: false
#   features: []
#   all-features: false
#   with-sources: false
#   generate-hashes: false
#   universal: false

-e file:.
cfgv==3.4.0
    # via pre-commit
distlib==0.3.9
    # via virtualenv
filelock==3.16.1
    # via virtualenv
identify==2.6.5
    # via pre-commit
linkify-it-py==2.0.3
    # via markdown-it-py
markdown-it-py==3.0.0
    # via mdit-py-plugins
    # via rich
    # via textual
mdit-py-plugins==0.4.2
    # via markdown-it-py
mdurl==0.1.2
    # via markdown-it-py
mypy==1.14.1
mypy-extensions==1.0.0
    # via mypy
nodeenv==1.9.1
    # via pre-commit
platformdirs==4.3.6
    # via textual
    # via virtualenv
pre-commit==4.0.1
pygments==2.19.1
    # via rich
pyyaml==6.0.2
    # via pre-commit
rich==13.9.4
    # via textual
textual==1.0.0
    # via textual-fspicker
typing-extensions==4.12.2
    # via mypy
    # via textual
uc-micro-py==1.0.3
    # via linkify-it-py
virtualenv==20.28.1
    # via pre-commit
